
Microsoft Visual Studio Solution File, Format Version 12.00
# Visual Studio Version 17
VisualStudioVersion = 17.9.34607.119
MinimumVisualStudioVersion = 10.0.40219.1
Project("{9A19103F-16F7-4668-BE54-9A1E7A4F7556}") = "WeddingWise", "WeddingWise\WeddingWise.csproj", "{17837040-AC0D-4900-B26A-7B4E915ED20A}"
EndProject
Project("{9A19103F-16F7-4668-BE54-9A1E7A4F7556}") = "WeddingWise_Core", "WeddingWise_Core\WeddingWise_Core.csproj", "{CD9180C3-E207-4965-A5B1-109AE74088FB}"
EndProject
Project("{9A19103F-16F7-4668-BE54-9A1E7A4F7556}") = "WeddingWise_Infra", "WeddingWise-Infra\WeddingWise_Infra.csproj", "{544F9E28-F266-4BF1-B738-24C15B8E512D}"
EndProject
Global
	GlobalSection(SolutionConfigurationPlatforms) = preSolution
		Debug|Any CPU = Debug|Any CPU
		Release|Any CPU = Release|Any CPU
	EndGlobalSection
	GlobalSection(ProjectConfigurationPlatforms) = postSolution
		{17837040-AC0D-4900-B26A-7B4E915ED20A}.Debug|Any CPU.ActiveCfg = Debug|Any CPU
		{17837040-AC0D-4900-B26A-7B4E915ED20A}.Debug|Any CPU.Build.0 = Debug|Any CPU
		{17837040-AC0D-4900-B26A-7B4E915ED20A}.Release|Any CPU.ActiveCfg = Release|Any CPU
		{17837040-AC0D-4900-B26A-7B4E915ED20A}.Release|Any CPU.Build.0 = Release|Any CPU
		{CD9180C3-E207-4965-A5B1-109AE74088FB}.Debug|Any CPU.ActiveCfg = Debug|Any CPU
		{CD9180C3-E207-4965-A5B1-109AE74088FB}.Debug|Any CPU.Build.0 = Debug|Any CPU
		{CD9180C3-E207-4965-A5B1-109AE74088FB}.Release|Any CPU.ActiveCfg = Release|Any CPU
		{CD9180C3-E207-4965-A5B1-109AE74088FB}.Release|Any CPU.Build.0 = Release|Any CPU
		{544F9E28-F266-4BF1-B738-24C15B8E512D}.Debug|Any CPU.ActiveCfg = Debug|Any CPU
		{544F9E28-F266-4BF1-B738-24C15B8E512D}.Debug|Any CPU.Build.0 = Debug|Any CPU
		{544F9E28-F266-4BF1-B738-24C15B8E512D}.Release|Any CPU.ActiveCfg = Release|Any CPU
		{544F9E28-F266-4BF1-B738-24C15B8E512D}.Release|Any CPU.Build.0 = Release|Any CPU
	EndGlobalSection
	GlobalSection(SolutionProperties) = preSolution
		HideSolutionNode = FALSE
	EndGlobalSection
	GlobalSection(ExtensibilityGlobals) = postSolution
		SolutionGuid = {F569F410-BE09-47FC-83EC-5454EBD5C916}
	EndGlobalSection
EndGlobal
